
Microsoft Visual Studio Solution File, Format Version 12.00
# Visual Studio Version 17
VisualStudioVersion = 17.2.32616.157
MinimumVisualStudioVersion = 10.0.40219.1
Project("{FAE04EC0-301F-11D3-BF4B-00C04F79EFBC}") = "Calculadora", "Calculadora.csproj", "{B36AAF04-1850-44B1-ADA2-47A3440E8159}"
EndProject
Global
	GlobalSection(SolutionConfigurationPlatforms) = preSolution
		Debug|Any CPU = Debug|Any CPU
		Release|Any CPU = Release|Any CPU
	EndGlobalSection
	GlobalSection(ProjectConfigurationPlatforms) = postSolution
		{B36AAF04-1850-44B1-ADA2-47A3440E8159}.Debug|Any CPU.ActiveCfg = Debug|Any CPU
		{B36AAF04-1850-44B1-ADA2-47A3440E8159}.Debug|Any CPU.Build.0 = Debug|Any CPU
		{B36AAF04-1850-44B1-ADA2-47A3440E8159}.Release|Any CPU.ActiveCfg = Release|Any CPU
		{B36AAF04-1850-44B1-ADA2-47A3440E8159}.Release|Any CPU.Build.0 = Release|Any CPU
	EndGlobalSection
	GlobalSection(SolutionProperties) = preSolution
		HideSolutionNode = FALSE
	EndGlobalSection
	GlobalSection(ExtensibilityGlobals) = postSolution
		SolutionGuid = {DD3E72EE-B539-4D9C-9552-0B1CDA9372F8}
	EndGlobalSection
EndGlobal
